# This file was autogenerated by Stack.
# You should not edit this file by hand.
# For more information, please see the documentation at:
#   https://docs.haskellstack.org/en/stable/lock_files

packages:
- completed:
    hackage: hasql-dynamic-statements-0.2.0.2@sha256:b650a97171f8379b43d8f9b4182dfa607e4a3f8b944f55fdb41207c09425aebc,2675
    pantry-tree:
      size: 641
      sha256: 8c06e605f28875b4dbda572434d963be068f917e2b1fffb2947b637d794f35cc
  original:
    hackage: hasql-dynamic-statements-0.2.0.2@sha256:b650a97171f8379b43d8f9b4182dfa607e4a3f8b944f55fdb41207c09425aebc,2675
- completed:
    hackage: hasql-implicits-0.1.0.2@sha256:5d54e09cb779a209681b139fb3cc726bae75134557932156340cc0a56dd834a8,1361
    pantry-tree:
      size: 310
      sha256: 2f00d1467d0e226b966c2cd7bac433c8948e2f7bbdf8a44936029f66fc20b5f3
  original:
    hackage: hasql-implicits-0.1.0.2@sha256:5d54e09cb779a209681b139fb3cc726bae75134557932156340cc0a56dd834a8,1361
- completed:
    hackage: ptr-0.16.7.2@sha256:4a91e1342db8e627435a002798d65329a0c09c8632b2e415461b9928785327f9,2686
    pantry-tree:
      size: 1089
      sha256: 061c2c8a357cb4d6a03c915dba627971a28460746dd47f662496ae4f2c91a6b6
  original:
    hackage: ptr-0.16.7.2@sha256:4a91e1342db8e627435a002798d65329a0c09c8632b2e415461b9928785327f9,2686
- completed:
    name: hasql-url
    version: 0.1.0.0
    git: https://github.com/theobat/hasql-url.git
    pantry-tree:
      size: 621
      sha256: b14e67aa56ce9e22fd95b7aaa96449a8d3063708a9c8475b1ae2dcccf2073847
    commit: 77e2616d5d33dfaa58eb4d9b643dcf710c2e5745
  original:
    git: https://github.com/theobat/hasql-url.git
    commit: 77e2616d5d33dfaa58eb4d9b643dcf710c2e5745
- completed:
    subdir: .
    name: hasql-migration
    version: 0.3.0
    git: https://github.com/theobat/hasql-migration.git
    pantry-tree:
      size: 795
      sha256: d4de5a0db86db50aff7f9c2e094a1d977b1a43ffc62d57ffe4e6e8dd6b670852
    commit: a85fddce1be310ce40e2861ee4ebcc3e045a120a
  original:
    subdir: .
    git: https://github.com/theobat/hasql-migration.git
    commit: a85fddce1be310ce40e2861ee4ebcc3e045a120a
snapshots:
- completed:
    size: 523217
    url: https://raw.githubusercontent.com/commercialhaskell/stackage-snapshots/master/nightly/2020/8/25.yaml
    sha256: f961ae64849199266c1c613cb5289b9da264ca1ffb14115dfb2ad73d8969bb01
  original: nightly-2020-08-25
