# This file was autogenerated by Stack.
# You should not edit this file by hand.
# For more information, please see the documentation at:
#   https://docs.haskellstack.org/en/stable/lock_files

packages:
- completed:
    name: hasql-url
    version: 0.1.0.0
    git: https://github.com/theobat/hasql-url.git
    pantry-tree:
      size: 621
      sha256: b14e67aa56ce9e22fd95b7aaa96449a8d3063708a9c8475b1ae2dcccf2073847
    commit: 77e2616d5d33dfaa58eb4d9b643dcf710c2e5745
  original:
    git: https://github.com/theobat/hasql-url.git
    commit: 77e2616d5d33dfaa58eb4d9b643dcf710c2e5745
- completed:
    subdir: .
    name: hasql-migration
    version: 0.3.0
    git: https://github.com/theobat/hasql-migration.git
    pantry-tree:
      size: 795
      sha256: d4de5a0db86db50aff7f9c2e094a1d977b1a43ffc62d57ffe4e6e8dd6b670852
    commit: a85fddce1be310ce40e2861ee4ebcc3e045a120a
  original:
    subdir: .
    git: https://github.com/theobat/hasql-migration.git
    commit: a85fddce1be310ce40e2861ee4ebcc3e045a120a
snapshots:
- completed:
    size: 586069
    url: https://raw.githubusercontent.com/commercialhaskell/stackage-snapshots/master/lts/18/14.yaml
    sha256: 87842ecbaa8ca9cee59a7e6be52369dbed82ed075cb4e0d152614a627e8fd488
  original: lts-18.14
